<?xml version="1.0" encoding="utf-8"?>
<Project ToolsVersion="4.0" xmlns="http://schemas.microsoft.com/developer/msbuild/2003">
  <ItemGroup>
    <ClInclude Include="main.h">
      <Filter>Defualt</Filter>
    </ClInclude>
    <ClInclude Include="framework.h">
      <Filter>Defualt</Filter>
    </ClInclude>
    <ClInclude Include="Resource.h">
      <Filter>Defualt</Filter>
    </ClInclude>
    <ClInclude Include="targetver.h">
      <Filter>Defualt</Filter>
    </ClInclude>
    <ClInclude Include="pch.h">
      <Filter>Defualt</Filter>
    </ClInclude>
  </ItemGroup>
  <ItemGroup>
    <Image Include="Beankong-GameEngine.ico">
      <Filter>Defualt</Filter>
    </Image>
    <Image Include="small.ico">
      <Filter>Defualt</Filter>
    </Image>
  </ItemGroup>
  <ItemGroup>
    <ClCompile Include="main.cpp" />
    <ClCompile Include="pch.cpp">
      <Filter>Defualt</Filter>
    </ClCompile>
  </ItemGroup>
  <ItemGroup>
    <Filter Include="Defualt">
      <UniqueIdentifier>{a1e5b0ae-7755-4b8c-8873-8c609f2c3db5}</UniqueIdentifier>
    </Filter>
  </ItemGroup>
  <ItemGroup>
    <ResourceCompile Include="Beankong-GameEngine.rc">
      <Filter>Defualt</Filter>
    </ResourceCompile>
  </ItemGroup>
</Project>