<?xml version="1.0" encoding="utf-8"?>
<Project ToolsVersion="4.0" xmlns="http://schemas.microsoft.com/developer/msbuild/2003">
  <ItemGroup>
    <ClInclude Include="framework.h">
      <Filter>Defualt</Filter>
    </ClInclude>
    <ClInclude Include="pch.h">
      <Filter>Defualt</Filter>
    </ClInclude>
    <ClInclude Include="global.h">
      <Filter>Engine\01.Header</Filter>
    </ClInclude>
    <ClInclude Include="define.h">
      <Filter>Engine\01.Header</Filter>
    </ClInclude>
    <ClInclude Include="extern.h">
      <Filter>Engine\01.Header</Filter>
    </ClInclude>
    <ClInclude Include="struct.h">
      <Filter>Engine\01.Header</Filter>
    </ClInclude>
    <ClInclude Include="func.h">
      <Filter>Engine\01.Header</Filter>
    </ClInclude>
    <ClInclude Include="SimpleMath.h">
      <Filter>Engine\Module</Filter>
    </ClInclude>
    <ClInclude Include="singleton.h">
      <Filter>Engine\03.Manager</Filter>
    </ClInclude>
    <ClInclude Include="CCore.h">
      <Filter>Engine\02.Core</Filter>
    </ClInclude>
    <ClInclude Include="CDevice.h">
      <Filter>Engine\03.Manager\01.Device</Filter>
    </ClInclude>
    <ClInclude Include="PathMgr.h">
      <Filter>Engine\03.Manager\05.PathMgr</Filter>
    </ClInclude>
    <ClInclude Include="TimeMgr.h">
      <Filter>Engine\03.Manager\03.TimeMgr</Filter>
    </ClInclude>
    <ClInclude Include="KeyMgr.h">
      <Filter>Engine\03.Manager\04.KeyMgr</Filter>
    </ClInclude>
  </ItemGroup>
  <ItemGroup>
    <ClCompile Include="Engine.cpp">
      <Filter>Defualt</Filter>
    </ClCompile>
    <ClCompile Include="pch.cpp">
      <Filter>Defualt</Filter>
    </ClCompile>
    <ClCompile Include="CCore.cpp">
      <Filter>Engine\02.Core</Filter>
    </ClCompile>
    <ClCompile Include="CDevice.cpp">
      <Filter>Engine\03.Manager\01.Device</Filter>
    </ClCompile>
    <ClCompile Include="PathMgr.cpp">
      <Filter>Engine\03.Manager\05.PathMgr</Filter>
    </ClCompile>
    <ClCompile Include="TimeMgr.cpp">
      <Filter>Engine\03.Manager\03.TimeMgr</Filter>
    </ClCompile>
    <ClCompile Include="KeyMgr.cpp">
      <Filter>Engine\03.Manager\04.KeyMgr</Filter>
    </ClCompile>
  </ItemGroup>
  <ItemGroup>
    <Filter Include="Defualt">
      <UniqueIdentifier>{1e0fbc5e-0c56-4e88-a387-4ec3be350831}</UniqueIdentifier>
    </Filter>
    <Filter Include="Engine">
      <UniqueIdentifier>{586589f7-2732-46ad-8eb1-2f3b03191bf1}</UniqueIdentifier>
    </Filter>
    <Filter Include="Engine\01.Header">
      <UniqueIdentifier>{5b911e37-9dc5-40bf-8767-1c259e1bbc48}</UniqueIdentifier>
    </Filter>
    <Filter Include="Engine\02.Core">
      <UniqueIdentifier>{5cad7cc0-b69c-4b6d-a880-58766302f746}</UniqueIdentifier>
    </Filter>
    <Filter Include="Engine\03.Manager">
      <UniqueIdentifier>{e881f474-8ca0-4028-9e67-4790ae86d1a3}</UniqueIdentifier>
    </Filter>
    <Filter Include="Engine\04.GameObject">
      <UniqueIdentifier>{41309cb2-6439-4e33-99d7-f841fec82d95}</UniqueIdentifier>
    </Filter>
    <Filter Include="Engine\05.Component">
      <UniqueIdentifier>{72a32128-8ebe-402d-83a9-e54d071c19de}</UniqueIdentifier>
    </Filter>
    <Filter Include="Engine\06.Scene">
      <UniqueIdentifier>{8ef5d7e1-6c4d-4426-a53c-739ae8d41fd1}</UniqueIdentifier>
    </Filter>
    <Filter Include="Engine\07.Resource">
      <UniqueIdentifier>{e6917d6c-d02e-4db1-9a3c-ae2550755806}</UniqueIdentifier>
    </Filter>
    <Filter Include="Engine\Module">
      <UniqueIdentifier>{770026fe-c565-469e-b69c-d8c063be46a3}</UniqueIdentifier>
    </Filter>
    <Filter Include="Engine\Scripts">
      <UniqueIdentifier>{daaa4110-a3b7-4960-b866-0c1c70c73e18}</UniqueIdentifier>
    </Filter>
    <Filter Include="Engine\03.Manager\01.Device">
      <UniqueIdentifier>{8e388728-0a69-472d-9434-578af3a3da53}</UniqueIdentifier>
    </Filter>
    <Filter Include="Engine\03.Manager\02.RenderMgr">
      <UniqueIdentifier>{9aa5ec84-e75c-4b03-bbdf-a2efe9b71d8b}</UniqueIdentifier>
    </Filter>
    <Filter Include="Engine\03.Manager\03.TimeMgr">
      <UniqueIdentifier>{c63b126d-20e9-457a-99f2-392e6495ff84}</UniqueIdentifier>
    </Filter>
    <Filter Include="Engine\03.Manager\04.KeyMgr">
      <UniqueIdentifier>{7c4a8ed1-3d0e-4738-b9df-a71f111abf70}</UniqueIdentifier>
    </Filter>
    <Filter Include="Engine\03.Manager\05.PathMgr">
      <UniqueIdentifier>{a4d9bc5d-a01c-4b4d-b364-2cff442e02e5}</UniqueIdentifier>
    </Filter>
    <Filter Include="Engine\03.Manager\06.ResMgr">
      <UniqueIdentifier>{06e0b676-90ff-4a1f-8eb7-0f82db066a09}</UniqueIdentifier>
    </Filter>
    <Filter Include="Engine\03.Manager\07.SceneMgr">
      <UniqueIdentifier>{9915f5fd-02a7-48c6-960c-76edb7c24d10}</UniqueIdentifier>
    </Filter>
    <Filter Include="Engine\03.Manager\08.EventMgr">
      <UniqueIdentifier>{3d1a8327-85a4-4d7c-88ab-bd078c818381}</UniqueIdentifier>
    </Filter>
    <Filter Include="Engine\03.Manager\06.CollisionMgr">
      <UniqueIdentifier>{40fb3e65-49f7-48e6-9349-664923bd4e5d}</UniqueIdentifier>
    </Filter>
  </ItemGroup>
  <ItemGroup>
    <None Include="SimpleMath.inl">
      <Filter>Engine\Module</Filter>
    </None>
  </ItemGroup>
</Project>